github.com/tonny-zhang/goutils v0.0.0-20200702023153-9520b7bed363 h1:47DEQpj8HBSa+/TImW+5JCeuQeRkm5NMpJWZG3hSuFU=
github.com/tonny-zhang/goutils/mod1 v0.0.0-20200702023153-9520b7bed363 h1:D02E2QooJs+VkMuVzdOckCyoxIpNnOQNEZGAmzBzxFE=
github.com/tonny-zhang/goutils/mod1 v0.0.0-20200702023153-9520b7bed363/go.mod h1:M49Er+QR26P9HxDN2AxU//6lXYx6VVTG8lseY28xxzY=
github.com/tonny-zhang/goutils/mod2 v0.0.0-20200702023153-9520b7bed363 h1:0/w4IwwBcmxq8VyStbxuVx1jnrvehnUzBhYb7SN+Wgs=
github.com/tonny-zhang/goutils/mod2 v0.0.0-20200702023153-9520b7bed363/go.mod h1:eySgLIazI6K4gz+u0w/Q4XgdMXUmdP6NkVfhooCZkAY=
